// !$*UTF8*$!
{
	archiveVersion = 1;
	classes = {
	};
	objectVersion = 77;
	objects = {

/* Begin PBXContainerItemProxy section */
		96BC8F9D2E08E032005BAEDE /* PBXContainerItemProxy */ = {
			isa = PBXContainerItemProxy;
			containerPortal = 96BC8F872E08E031005BAEDE /* Project object */;
			proxyType = 1;
			remoteGlobalIDString = 96BC8F8E2E08E031005BAEDE;
			remoteInfo = "RIPTA T";
		};
		96BC8FA72E08E032005BAEDE /* PBXContainerItemProxy */ = {
			isa = PBXContainerItemProxy;
			containerPortal = 96BC8F872E08E031005BAEDE /* Project object */;
			proxyType = 1;
			remoteGlobalIDString = 96BC8F8E2E08E031005BAEDE;
			remoteInfo = "RIPTA T";
		};
/* End PBXContainerItemProxy section */

/* Begin PBXFileReference section */
		96BC8F8F2E08E031005BAEDE /* RIPTA T.app */ = {isa = PBXFileReference; explicitFileType = wrapper.application; includeInIndex = 0; path = "RIPTA T.app"; sourceTree = BUILT_PRODUCTS_DIR; };
		96BC8F9C2E08E032005BAEDE /* RIPTA TTests.xctest */ = {isa = PBXFileReference; explicitFileType = wrapper.cfbundle; includeInIndex = 0; path = "RIPTA TTests.xctest"; sourceTree = BUILT_PRODUCTS_DIR; };
		96BC8FA62E08E032005BAEDE /* RIPTA TUITests.xctest */ = {isa = PBXFileReference; explicitFileType = wrapper.cfbundle; includeInIndex = 0; path = "RIPTA TUITests.xctest"; sourceTree = BUILT_PRODUCTS_DIR; };
/* End PBXFileReference section */

/* Begin PBXFileSystemSynchronizedRootGroup section */
		96BC8F912E08E031005BAEDE /* RIPTA T */ = {
			isa = PBXFileSystemSynchronizedRootGroup;
			path = "RIPTA T";
			sourceTree = "<group>";
		};
		96BC8F9F2E08E032005BAEDE /* RIPTA TTests */ = {
			isa = PBXFileSystemSynchronizedRootGroup;
			path = "RIPTA TTests";
			sourceTree = "<group>";
		};
		96BC8FA92E08E032005BAEDE /* RIPTA TUITests */ = {
			isa = PBXFileSystemSynchronizedRootGroup;
			path = "RIPTA TUITests";
			sourceTree = "<group>";
		};
/* End PBXFileSystemSynchronizedRootGroup section */

/* Begin PBXFrameworksBuildPhase section */
		96BC8F8C2E08E031005BAEDE /* Frameworks */ = {
			isa = PBXFrameworksBuildPhase;
			buildActionMask = 2147483647;
			files = (
			);
			runOnlyForDeploymentPostprocessing = 0;
		};
		96BC8F992E08E032005BAEDE /* Frameworks */ = {
			isa = PBXFrameworksBuildPhase;
			buildActionMask = 2147483647;
			files = (
			);
			runOnlyForDeploymentPostprocessing = 0;
		};
		96BC8FA32E08E032005BAEDE /* Frameworks */ = {
			isa = PBXFrameworksBuildPhase;
			buildActionMask = 2147483647;
			files = (
			);
			runOnlyForDeploymentPostprocessing = 0;
		};
/* End PBXFrameworksBuildPhase section */

/* Begin PBXGroup section */
		96BC8F862E08E031005BAEDE = {
			isa = PBXGroup;
			children = (
				96BC8F912E08E031005BAEDE /* RIPTA T */,
				96BC8F9F2E08E032005BAEDE /* RIPTA TTests */,
				96BC8FA92E08E032005BAEDE /* RIPTA TUITests */,
				96BC8F902E08E031005BAEDE /* Products */,
			);
			sourceTree = "<group>";
		};
		96BC8F902E08E031005BAEDE /* Products */ = {
			isa = PBXGroup;
			children = (
				96BC8F8F2E08E031005BAEDE /* RIPTA T.app */,
				96BC8F9C2E08E032005BAEDE /* RIPTA TTests.xctest */,
				96BC8FA62E08E032005BAEDE /* RIPTA TUITests.xctest */,
			);
			name = Products;
			sourceTree = "<group>";
		};
/* End PBXGroup section */

/* Begin PBXNativeTarget section */
		96BC8F8E2E08E031005BAEDE /* RIPTA T */ = {
			isa = PBXNativeTarget;
			buildConfigurationList = 96BC8FB02E08E032005BAEDE /* Build configuration list for PBXNativeTarget "RIPTA T" */;
			buildPhases = (
				96BC8F8B2E08E031005BAEDE /* Sources */,
				96BC8F8C2E08E031005BAEDE /* Frameworks */,
				96BC8F8D2E08E031005BAEDE /* Resources */,
			);
			buildRules = (
			);
			dependencies = (
			);
			fileSystemSynchronizedGroups = (
				96BC8F912E08E031005BAEDE /* RIPTA T */,
			);
			name = "RIPTA T";
			packageProductDependencies = (
			);
			productName = "RIPTA T";
			productReference = 96BC8F8F2E08E031005BAEDE /* RIPTA T.app */;
			productType = "com.apple.product-type.application";
		};
		96BC8F9B2E08E032005BAEDE /* RIPTA TTests */ = {
			isa = PBXNativeTarget;
			buildConfigurationList = 96BC8FB32E08E032005BAEDE /* Build configuration list for PBXNativeTarget "RIPTA TTests" */;
			buildPhases = (
				96BC8F982E08E032005BAEDE /* Sources */,
				96BC8F992E08E032005BAEDE /* Frameworks */,
				96BC8F9A2E08E032005BAEDE /* Resources */,
			);
			buildRules = (
			);
			dependencies = (
				96BC8F9E2E08E032005BAEDE /* PBXTargetDependency */,
			);
			fileSystemSynchronizedGroups = (
				96BC8F9F2E08E032005BAEDE /* RIPTA TTests */,
			);
			name = "RIPTA TTests";
			packageProductDependencies = (
			);
			productName = "RIPTA TTests";
			productReference = 96BC8F9C2E08E032005BAEDE /* RIPTA TTests.xctest */;
			productType = "com.apple.product-type.bundle.unit-test";
		};
		96BC8FA52E08E032005BAEDE /* RIPTA TUITests */ = {
			isa = PBXNativeTarget;
			buildConfigurationList = 96BC8FB62E08E032005BAEDE /* Build configuration list for PBXNativeTarget "RIPTA TUITests" */;
			buildPhases = (
				96BC8FA22E08E032005BAEDE /* Sources */,
				96BC8FA32E08E032005BAEDE /* Frameworks */,
				96BC8FA42E08E032005BAEDE /* Resources */,
			);
			buildRules = (
			);
			dependencies = (
				96BC8FA82E08E032005BAEDE /* PBXTargetDependency */,
			);
			fileSystemSynchronizedGroups = (
				96BC8FA92E08E032005BAEDE /* RIPTA TUITests */,
			);
			name = "RIPTA TUITests";
			packageProductDependencies = (
			);
			productName = "RIPTA TUITests";
			productReference = 96BC8FA62E08E032005BAEDE /* RIPTA TUITests.xctest */;
			productType = "com.apple.product-type.bundle.ui-testing";
		};
/* End PBXNativeTarget section */

/* Begin PBXProject section */
		96BC8F872E08E031005BAEDE /* Project object */ = {
			isa = PBXProject;
			attributes = {
				BuildIndependentTargetsInParallel = 1;
				LastSwiftUpdateCheck = 1640;
				LastUpgradeCheck = 1640;
				TargetAttributes = {
					96BC8F8E2E08E031005BAEDE = {
						CreatedOnToolsVersion = 16.4;
					};
					96BC8F9B2E08E032005BAEDE = {
						CreatedOnToolsVersion = 16.4;
						TestTargetID = 96BC8F8E2E08E031005BAEDE;
					};
					96BC8FA52E08E032005BAEDE = {
						CreatedOnToolsVersion = 16.4;
						TestTargetID = 96BC8F8E2E08E031005BAEDE;
					};
				};
			};
			buildConfigurationList = 96BC8F8A2E08E031005BAEDE /* Build configuration list for PBXProject "RIPTA T" */;
			developmentRegion = en;
			hasScannedForEncodings = 0;
			knownRegions = (
				en,
				Base,
			);
			mainGroup = 96BC8F862E08E031005BAEDE;
			minimizedProjectReferenceProxies = 1;
			preferredProjectObjectVersion = 77;
			productRefGroup = 96BC8F902E08E031005BAEDE /* Products */;
			projectDirPath = "";
			projectRoot = "";
			targets = (
				96BC8F8E2E08E031005BAEDE /* RIPTA T */,
				96BC8F9B2E08E032005BAEDE /* RIPTA TTests */,
				96BC8FA52E08E032005BAEDE /* RIPTA TUITests */,
			);
		};
/* End PBXProject section */

/* Begin PBXResourcesBuildPhase section */
		96BC8F8D2E08E031005BAEDE /* Resources */ = {
			isa = PBXResourcesBuildPhase;
			buildActionMask = 2147483647;
			files = (
			);
			runOnlyForDeploymentPostprocessing = 0;
		};
		96BC8F9A2E08E032005BAEDE /* Resources */ = {
			isa = PBXResourcesBuildPhase;
			buildActionMask = 2147483647;
			files = (
			);
			runOnlyForDeploymentPostprocessing = 0;
		};
		96BC8FA42E08E032005BAEDE /* Resources */ = {
			isa = PBXResourcesBuildPhase;
			buildActionMask = 2147483647;
			files = (
			);
			runOnlyForDeploymentPostprocessing = 0;
		};
/* End PBXResourcesBuildPhase section */

/* Begin PBXSourcesBuildPhase section */
		96BC8F8B2E08E031005BAEDE /* Sources */ = {
			isa = PBXSourcesBuildPhase;
			buildActionMask = 2147483647;
			files = (
			);
			runOnlyForDeploymentPostprocessing = 0;
		};
		96BC8F982E08E032005BAEDE /* Sources */ = {
			isa = PBXSourcesBuildPhase;
			buildActionMask = 2147483647;
			files = (
			);
			runOnlyForDeploymentPostprocessing = 0;
		};
		96BC8FA22E08E032005BAEDE /* Sources */ = {
			isa = PBXSourcesBuildPhase;
			buildActionMask = 2147483647;
			files = (
			);
			runOnlyForDeploymentPostprocessing = 0;
		};
/* End PBXSourcesBuildPhase section */

/* Begin PBXTargetDependency section */
		96BC8F9E2E08E032005BAEDE /* PBXTargetDependency */ = {
			isa = PBXTargetDependency;
			target = 96BC8F8E2E08E031005BAEDE /* RIPTA T */;
			targetProxy = 96BC8F9D2E08E032005BAEDE /* PBXContainerItemProxy */;
		};
		96BC8FA82E08E032005BAEDE /* PBXTargetDependency */ = {
			isa = PBXTargetDependency;
			target = 96BC8F8E2E08E031005BAEDE /* RIPTA T */;
			targetProxy = 96BC8FA72E08E032005BAEDE /* PBXContainerItemProxy */;
		};
/* End PBXTargetDependency section */

/* Begin XCBuildConfiguration section */
		96BC8FAE2E08E032005BAEDE /* Debug */ = {
			isa = XCBuildConfiguration;
			buildSettings = {
				ALWAYS_SEARCH_USER_PATHS = NO;
				ASSETCATALOG_COMPILER_GENERATE_SWIFT_ASSET_SYMBOL_EXTENSIONS = YES;
				CLANG_ANALYZER_NONNULL = YES;
				CLANG_ANALYZER_NUMBER_OBJECT_CONVERSION = YES_AGGRESSIVE;
				CLANG_CXX_LANGUAGE_STANDARD = "gnu++20";
				CLANG_ENABLE_MODULES = YES;
				CLANG_ENABLE_OBJC_ARC = YES;
				CLANG_ENABLE_OBJC_WEAK = YES;
				CLANG_WARN_BLOCK_CAPTURE_AUTORELEASING = YES;
				CLANG_WARN_BOOL_CONVERSION = YES;
				CLANG_WARN_COMMA = YES;
				CLANG_WARN_CONSTANT_CONVERSION = YES;
				CLANG_WARN_DEPRECATED_OBJC_IMPLEMENTATIONS = YES;
				CLANG_WARN_DIRECT_OBJC_ISA_USAGE = YES_ERROR;
				CLANG_WARN_DOCUMENTATION_COMMENTS = YES;
				CLANG_WARN_EMPTY_BODY = YES;
				CLANG_WARN_ENUM_CONVERSION = YES;
				CLANG_WARN_INFINITE_RECURSION = YES;
				CLANG_WARN_INT_CONVERSION = YES;
				CLANG_WARN_NON_LITERAL_NULL_CONVERSION = YES;
				CLANG_WARN_OBJC_IMPLICIT_RETAIN_SELF = YES;
				CLANG_WARN_OBJC_LITERAL_CONVERSION = YES;
				CLANG_WARN_OBJC_ROOT_CLASS = YES_ERROR;
				CLANG_WARN_QUOTED_INCLUDE_IN_FRAMEWORK_HEADER = YES;
				CLANG_WARN_RANGE_LOOP_ANALYSIS = YES;
				CLANG_WARN_STRICT_PROTOTYPES = YES;
				CLANG_WARN_SUSPICIOUS_MOVE = YES;
				CLANG_WARN_UNGUARDED_AVAILABILITY = YES_AGGRESSIVE;
				CLANG_WARN_UNREACHABLE_CODE = YES;
				CLANG_WARN__DUPLICATE_METHOD_MATCH = YES;
				COPY_PHASE_STRIP = NO;
				DEBUG_INFORMATION_FORMAT = dwarf;
				ENABLE_STRICT_OBJC_MSGSEND = YES;
				ENABLE_TESTABILITY = YES;
				ENABLE_USER_SCRIPT_SANDBOXING = YES;
				GCC_C_LANGUAGE_STANDARD = gnu17;
				GCC_DYNAMIC_NO_PIC = NO;
				GCC_NO_COMMON_BLOCKS = YES;
				GCC_OPTIMIZATION_LEVEL = 0;
				GCC_PREPROCESSOR_DEFINITIONS = (
					"DEBUG=1",
					"$(inherited)",
				);
				GCC_WARN_64_TO_32_BIT_CONVERSION = YES;
				GCC_WARN_ABOUT_RETURN_TYPE = YES_ERROR;
				GCC_WARN_UNDECLARED_SELECTOR = YES;
				GCC_WARN_UNINITIALIZED_AUTOS = YES_AGGRESSIVE;
				GCC_WARN_UNUSED_FUNCTION = YES;
				GCC_WARN_UNUSED_VARIABLE = YES;
				IPHONEOS_DEPLOYMENT_TARGET = 18.5;
				LOCALIZATION_PREFERS_STRING_CATALOGS = YES;
				MTL_ENABLE_DEBUG_INFO = INCLUDE_SOURCE;
				MTL_FAST_MATH = YES;
				ONLY_ACTIVE_ARCH = YES;
				SDKROOT = iphoneos;
				SWIFT_ACTIVE_COMPILATION_CONDITIONS = "DEBUG $(inherited)";
				SWIFT_OPTIMIZATION_LEVEL = "-Onone";
			};
			name = Debug;
		};
		96BC8FAF2E08E032005BAEDE /* Release */ = {
			isa = XCBuildConfiguration;
			buildSettings = {
				ALWAYS_SEARCH_USER_PATHS = NO;
				ASSETCATALOG_COMPILER_GENERATE_SWIFT_ASSET_SYMBOL_EXTENSIONS = YES;
				CLANG_ANALYZER_NONNULL = YES;
				CLANG_ANALYZER_NUMBER_OBJECT_CONVERSION = YES_AGGRESSIVE;
				CLANG_CXX_LANGUAGE_STANDARD = "gnu++20";
				CLANG_ENABLE_MODULES = YES;
				CLANG_ENABLE_OBJC_ARC = YES;
				CLANG_ENABLE_OBJC_WEAK = YES;
				CLANG_WARN_BLOCK_CAPTURE_AUTORELEASING = YES;
				CLANG_WARN_BOOL_CONVERSION = YES;
				CLANG_WARN_COMMA = YES;
				CLANG_WARN_CONSTANT_CONVERSION = YES;
				CLANG_WARN_DEPRECATED_OBJC_IMPLEMENTATIONS = YES;
				CLANG_WARN_DIRECT_OBJC_ISA_USAGE = YES_ERROR;
				CLANG_WARN_DOCUMENTATION_COMMENTS = YES;
				CLANG_WARN_EMPTY_BODY = YES;
				CLANG_WARN_ENUM_CONVERSION = YES;
				CLANG_WARN_INFINITE_RECURSION = YES;
				CLANG_WARN_INT_CONVERSION = YES;
				CLANG_WARN_NON_LITERAL_NULL_CONVERSION = YES;
				CLANG_WARN_OBJC_IMPLICIT_RETAIN_SELF = YES;
				CLANG_WARN_OBJC_LITERAL_CONVERSION = YES;
				CLANG_WARN_OBJC_ROOT_CLASS = YES_ERROR;
				CLANG_WARN_QUOTED_INCLUDE_IN_FRAMEWORK_HEADER = YES;
				CLANG_WARN_RANGE_LOOP_ANALYSIS = YES;
				CLANG_WARN_STRICT_PROTOTYPES = YES;
				CLANG_WARN_SUSPICIOUS_MOVE = YES;
				CLANG_WARN_UNGUARDED_AVAILABILITY = YES_AGGRESSIVE;
				CLANG_WARN_UNREACHABLE_CODE = YES;
				CLANG_WARN__DUPLICATE_METHOD_MATCH = YES;
				COPY_PHASE_STRIP = NO;
				DEBUG_INFORMATION_FORMAT = "dwarf-with-dsym";
				ENABLE_NS_ASSERTIONS = NO;
				ENABLE_STRICT_OBJC_MSGSEND = YES;
				ENABLE_USER_SCRIPT_SANDBOXING = YES;
				GCC_C_LANGUAGE_STANDARD = gnu17;
				GCC_NO_COMMON_BLOCKS = YES;
				GCC_WARN_64_TO_32_BIT_CONVERSION = YES;
				GCC_WARN_ABOUT_RETURN_TYPE = YES_ERROR;
				GCC_WARN_UNDECLARED_SELECTOR = YES;
				GCC_WARN_UNINITIALIZED_AUTOS = YES_AGGRESSIVE;
				GCC_WARN_UNUSED_FUNCTION = YES;
				GCC_WARN_UNUSED_VARIABLE = YES;
				IPHONEOS_DEPLOYMENT_TARGET = 18.5;
				LOCALIZATION_PREFERS_STRING_CATALOGS = YES;
				MTL_ENABLE_DEBUG_INFO = NO;
				MTL_FAST_MATH = YES;
				SDKROOT = iphoneos;
				SWIFT_COMPILATION_MODE = wholemodule;
				VALIDATE_PRODUCT = YES;
			};
			name = Release;
		};
		96BC8FB12E08E032005BAEDE /* Debug */ = {
			isa = XCBuildConfiguration;
			buildSettings = {
				ASSETCATALOG_COMPILER_APPICON_NAME = AppIcon;
				ASSETCATALOG_COMPILER_GLOBAL_ACCENT_COLOR_NAME = AccentColor;
				CODE_SIGN_STYLE = Automatic;
				CURRENT_PROJECT_VERSION = 1;
				ENABLE_PREVIEWS = YES;
				GENERATE_INFOPLIST_FILE = YES;
				INFOPLIST_KEY_UIApplicationSceneManifest_Generation = YES;
				INFOPLIST_KEY_UIApplicationSupportsIndirectInputEvents = YES;
				INFOPLIST_KEY_UILaunchScreen_Generation = YES;
				INFOPLIST_KEY_UISupportedInterfaceOrientations_iPad = "UIInterfaceOrientationPortrait UIInterfaceOrientationPortraitUpsideDown UIInterfaceOrientationLandscapeLeft UIInterfaceOrientationLandscapeRight";
				INFOPLIST_KEY_UISupportedInterfaceOrientations_iPhone = "UIInterfaceOrientationPortrait UIInterfaceOrientationLandscapeLeft UIInterfaceOrientationLandscapeRight";
				LD_RUNPATH_SEARCH_PATHS = (
					"$(inherited)",
					"@executable_path/Frameworks",
				);
				MARKETING_VERSION = 1.0;
				PRODUCT_BUNDLE_IDENTIFIER = "Ichi.RIPTA-T";
				PRODUCT_NAME = "$(TARGET_NAME)";
				SWIFT_EMIT_LOC_STRINGS = YES;
				SWIFT_VERSION = 5.0;
				TARGETED_DEVICE_FAMILY = "1,2";
			};
			name = Debug;
		};
		96BC8FB22E08E032005BAEDE /* Release */ = {
			isa = XCBuildConfiguration;
			buildSettings = {
				ASSETCATALOG_COMPILER_APPICON_NAME = AppIcon;
				ASSETCATALOG_COMPILER_GLOBAL_ACCENT_COLOR_NAME = AccentColor;
				CODE_SIGN_STYLE = Automatic;
				CURRENT_PROJECT_VERSION = 1;
				ENABLE_PREVIEWS = YES;
				GENERATE_INFOPLIST_FILE = YES;
				INFOPLIST_KEY_UIApplicationSceneManifest_Generation = YES;
				INFOPLIST_KEY_UIApplicationSupportsIndirectInputEvents = YES;
				INFOPLIST_KEY_UILaunchScreen_Generation = YES;
				INFOPLIST_KEY_UISupportedInterfaceOrientations_iPad = "UIInterfaceOrientationPortrait UIInterfaceOrientationPortraitUpsideDown UIInterfaceOrientationLandscapeLeft UIInterfaceOrientationLandscapeRight";
				INFOPLIST_KEY_UISupportedInterfaceOrientations_iPhone = "UIInterfaceOrientationPortrait UIInterfaceOrientationLandscapeLeft UIInterfaceOrientationLandscapeRight";
				LD_RUNPATH_SEARCH_PATHS = (
					"$(inherited)",
					"@executable_path/Frameworks",
				);
				MARKETING_VERSION = 1.0;
				PRODUCT_BUNDLE_IDENTIFIER = "Ichi.RIPTA-T";
				PRODUCT_NAME = "$(TARGET_NAME)";
				SWIFT_EMIT_LOC_STRINGS = YES;
				SWIFT_VERSION = 5.0;
				TARGETED_DEVICE_FAMILY = "1,2";
			};
			name = Release;
		};
		96BC8FB42E08E032005BAEDE /* Debug */ = {
			isa = XCBuildConfiguration;
			buildSettings = {
				BUNDLE_LOADER = "$(TEST_HOST)";
				CODE_SIGN_STYLE = Automatic;
				CURRENT_PROJECT_VERSION = 1;
				GENERATE_INFOPLIST_FILE = YES;
				IPHONEOS_DEPLOYMENT_TARGET = 18.5;
				MARKETING_VERSION = 1.0;
				PRODUCT_BUNDLE_IDENTIFIER = "Ichi.RIPTA-TTests";
				PRODUCT_NAME = "$(TARGET_NAME)";
				SWIFT_EMIT_LOC_STRINGS = NO;
				SWIFT_VERSION = 5.0;
				TARGETED_DEVICE_FAMILY = "1,2";
				TEST_HOST = "$(BUILT_PRODUCTS_DIR)/RIPTA T.app/$(BUNDLE_EXECUTABLE_FOLDER_PATH)/RIPTA T";
			};
			name = Debug;
		};
		96BC8FB52E08E032005BAEDE /* Release */ = {
			isa = XCBuildConfiguration;
			buildSettings = {
				BUNDLE_LOADER = "$(TEST_HOST)";
				CODE_SIGN_STYLE = Automatic;
				CURRENT_PROJECT_VERSION = 1;
				GENERATE_INFOPLIST_FILE = YES;
				IPHONEOS_DEPLOYMENT_TARGET = 18.5;
				MARKETING_VERSION = 1.0;
				PRODUCT_BUNDLE_IDENTIFIER = "Ichi.RIPTA-TTests";
				PRODUCT_NAME = "$(TARGET_NAME)";
				SWIFT_EMIT_LOC_STRINGS = NO;
				SWIFT_VERSION = 5.0;
				TARGETED_DEVICE_FAMILY = "1,2";
				TEST_HOST = "$(BUILT_PRODUCTS_DIR)/RIPTA T.app/$(BUNDLE_EXECUTABLE_FOLDER_PATH)/RIPTA T";
			};
			name = Release;
		};
		96BC8FB72E08E032005BAEDE /* Debug */ = {
			isa = XCBuildConfiguration;
			buildSettings = {
				CODE_SIGN_STYLE = Automatic;
				CURRENT_PROJECT_VERSION = 1;
				GENERATE_INFOPLIST_FILE = YES;
				MARKETING_VERSION = 1.0;
				PRODUCT_BUNDLE_IDENTIFIER = "Ichi.RIPTA-TUITests";
				PRODUCT_NAME = "$(TARGET_NAME)";
				SWIFT_EMIT_LOC_STRINGS = NO;
				SWIFT_VERSION = 5.0;
				TARGETED_DEVICE_FAMILY = "1,2";
				TEST_TARGET_NAME = "RIPTA T";
			};
			name = Debug;
		};
		96BC8FB82E08E032005BAEDE /* Release */ = {
			isa = XCBuildConfiguration;
			buildSettings = {
				CODE_SIGN_STYLE = Automatic;
				CURRENT_PROJECT_VERSION = 1;
				GENERATE_INFOPLIST_FILE = YES;
				MARKETING_VERSION = 1.0;
				PRODUCT_BUNDLE_IDENTIFIER = "Ichi.RIPTA-TUITests";
				PRODUCT_NAME = "$(TARGET_NAME)";
				SWIFT_EMIT_LOC_STRINGS = NO;
				SWIFT_VERSION = 5.0;
				TARGETED_DEVICE_FAMILY = "1,2";
				TEST_TARGET_NAME = "RIPTA T";
			};
			name = Release;
		};
/* End XCBuildConfiguration section */

/* Begin XCConfigurationList section */
		96BC8F8A2E08E031005BAEDE /* Build configuration list for PBXProject "RIPTA T" */ = {
			isa = XCConfigurationList;
			buildConfigurations = (
				96BC8FAE2E08E032005BAEDE /* Debug */,
				96BC8FAF2E08E032005BAEDE /* Release */,
			);
			defaultConfigurationIsVisible = 0;
			defaultConfigurationName = Release;
		};
		96BC8FB02E08E032005BAEDE /* Build configuration list for PBXNativeTarget "RIPTA T" */ = {
			isa = XCConfigurationList;
			buildConfigurations = (
				96BC8FB12E08E032005BAEDE /* Debug */,
				96BC8FB22E08E032005BAEDE /* Release */,
			);
			defaultConfigurationIsVisible = 0;
			defaultConfigurationName = Release;
		};
		96BC8FB32E08E032005BAEDE /* Build configuration list for PBXNativeTarget "RIPTA TTests" */ = {
			isa = XCConfigurationList;
			buildConfigurations = (
				96BC8FB42E08E032005BAEDE /* Debug */,
				96BC8FB52E08E032005BAEDE /* Release */,
			);
			defaultConfigurationIsVisible = 0;
			defaultConfigurationName = Release;
		};
		96BC8FB62E08E032005BAEDE /* Build configuration list for PBXNativeTarget "RIPTA TUITests" */ = {
			isa = XCConfigurationList;
			buildConfigurations = (
				96BC8FB72E08E032005BAEDE /* Debug */,
				96BC8FB82E08E032005BAEDE /* Release */,
			);
			defaultConfigurationIsVisible = 0;
			defaultConfigurationName = Release;
		};
/* End XCConfigurationList section */
	};
	rootObject = 96BC8F872E08E031005BAEDE /* Project object */;
}
